
Microsoft Visual Studio Solution File, Format Version 12.00
# Visual Studio Version 16
VisualStudioVersion = 16.0.28922.388
MinimumVisualStudioVersion = 10.0.40219.1
Project("{9A19103F-16F7-4668-BE54-9A1E7A4F7556}") = "TempDisplay", "temp\TempDisplay.csproj", "{2CDDEC38-745C-49CE-BBE6-37239A11D4AB}"
EndProject
Project("{9A19103F-16F7-4668-BE54-9A1E7A4F7556}") = "DataAccessors", "dataAccess\DataAccessors.csproj", "{74C2B8DC-747C-466C-A5AA-998B60ACA25B}"
EndProject
Project("{9A19103F-16F7-4668-BE54-9A1E7A4F7556}") = "DataStructures", "DataStructures\DataStructures.csproj", "{140A027B-3270-45C0-87A4-7421EC15A5D2}"
EndProject
Project("{9A19103F-16F7-4668-BE54-9A1E7A4F7556}") = "Unit Tests", "TimelineStructureTest\Unit Tests.csproj", "{16EFA7ED-FAF9-4960-A988-C1E637AD64B6}"
EndProject
Global
	GlobalSection(SolutionConfigurationPlatforms) = preSolution
		Debug|Any CPU = Debug|Any CPU
		Release|Any CPU = Release|Any CPU
	EndGlobalSection
	GlobalSection(ProjectConfigurationPlatforms) = postSolution
		{2CDDEC38-745C-49CE-BBE6-37239A11D4AB}.Debug|Any CPU.ActiveCfg = Debug|Any CPU
		{2CDDEC38-745C-49CE-BBE6-37239A11D4AB}.Debug|Any CPU.Build.0 = Debug|Any CPU
		{2CDDEC38-745C-49CE-BBE6-37239A11D4AB}.Release|Any CPU.ActiveCfg = Release|Any CPU
		{2CDDEC38-745C-49CE-BBE6-37239A11D4AB}.Release|Any CPU.Build.0 = Release|Any CPU
		{74C2B8DC-747C-466C-A5AA-998B60ACA25B}.Debug|Any CPU.ActiveCfg = Debug|Any CPU
		{74C2B8DC-747C-466C-A5AA-998B60ACA25B}.Debug|Any CPU.Build.0 = Debug|Any CPU
		{74C2B8DC-747C-466C-A5AA-998B60ACA25B}.Release|Any CPU.ActiveCfg = Release|Any CPU
		{74C2B8DC-747C-466C-A5AA-998B60ACA25B}.Release|Any CPU.Build.0 = Release|Any CPU
		{140A027B-3270-45C0-87A4-7421EC15A5D2}.Debug|Any CPU.ActiveCfg = Debug|Any CPU
		{140A027B-3270-45C0-87A4-7421EC15A5D2}.Debug|Any CPU.Build.0 = Debug|Any CPU
		{140A027B-3270-45C0-87A4-7421EC15A5D2}.Release|Any CPU.ActiveCfg = Release|Any CPU
		{140A027B-3270-45C0-87A4-7421EC15A5D2}.Release|Any CPU.Build.0 = Release|Any CPU
		{16EFA7ED-FAF9-4960-A988-C1E637AD64B6}.Debug|Any CPU.ActiveCfg = Debug|Any CPU
		{16EFA7ED-FAF9-4960-A988-C1E637AD64B6}.Debug|Any CPU.Build.0 = Debug|Any CPU
		{16EFA7ED-FAF9-4960-A988-C1E637AD64B6}.Release|Any CPU.ActiveCfg = Release|Any CPU
		{16EFA7ED-FAF9-4960-A988-C1E637AD64B6}.Release|Any CPU.Build.0 = Release|Any CPU
	EndGlobalSection
	GlobalSection(SolutionProperties) = preSolution
		HideSolutionNode = FALSE
	EndGlobalSection
	GlobalSection(ExtensibilityGlobals) = postSolution
		SolutionGuid = {2F039028-D73B-42C6-AA53-FEF857EE3510}
	EndGlobalSection
EndGlobal
