
Microsoft Visual Studio Solution File, Format Version 12.00
# Visual Studio Version 16
VisualStudioVersion = 16.0.28922.388
MinimumVisualStudioVersion = 10.0.40219.1
Project("{FAE04EC0-301F-11D3-BF4B-00C04F79EFBC}") = "MainPageDisplay.wpf", "MainPageDisplay.wpf\MainPageDisplay.wpf.csproj", "{F5CCB2E6-C723-4B61-B6CA-00CAE67EADC6}"
EndProject
Project("{FAE04EC0-301F-11D3-BF4B-00C04F79EFBC}") = "ViewModels", "ViewModels\ViewModels.csproj", "{C8EE500C-E8A6-43EE-9FE5-10D1DB596A8D}"
EndProject
Project("{FAE04EC0-301F-11D3-BF4B-00C04F79EFBC}") = "SharedDataStructures", "SharedDataStructures\SharedDataStructures.csproj", "{DAA28E6B-EDD4-4A06-B780-DDDD5EA42AD3}"
EndProject
Project("{FAE04EC0-301F-11D3-BF4B-00C04F79EFBC}") = "DataAccessors", "DataAccessor\DataAccessors.csproj", "{B738BF22-1A23-4F5A-88DF-1EA19AD33180}"
EndProject
Project("{FAE04EC0-301F-11D3-BF4B-00C04F79EFBC}") = "BindableCommand", "RelayCommands\BindableCommand.csproj", "{07C04354-37B2-4639-9597-7DE4A7978143}"
EndProject
Project("{FAE04EC0-301F-11D3-BF4B-00C04F79EFBC}") = "Unit Tests", "UnitTests\Unit Tests.csproj", "{F6C84C52-8F79-4DD8-8BA0-5A8E57D79A03}"
EndProject
Project("{FAE04EC0-301F-11D3-BF4B-00C04F79EFBC}") = "DebugConsoleDisplay", "DebugConsoleDisplay\DebugConsoleDisplay.csproj", "{72E93DAD-515A-48A2-B158-9028B8C6C41E}"
EndProject
Project("{FAE04EC0-301F-11D3-BF4B-00C04F79EFBC}") = "ViewHelpers", "Templates\ViewHelpers.csproj", "{EAC902C0-F5D1-4667-B7FD-CD88332CA7EC}"
EndProject
Project("{2150E333-8FDC-42A3-9474-1A3956D46DE8}") = "Solution Items", "Solution Items", "{0F96009E-25DD-41F9-A2FB-D2B5F5952BEC}"
EndProject
Global
	GlobalSection(SolutionConfigurationPlatforms) = preSolution
		Debug|Any CPU = Debug|Any CPU
		Release|Any CPU = Release|Any CPU
	EndGlobalSection
	GlobalSection(ProjectConfigurationPlatforms) = postSolution
		{F5CCB2E6-C723-4B61-B6CA-00CAE67EADC6}.Debug|Any CPU.ActiveCfg = Debug|Any CPU
		{F5CCB2E6-C723-4B61-B6CA-00CAE67EADC6}.Debug|Any CPU.Build.0 = Debug|Any CPU
		{F5CCB2E6-C723-4B61-B6CA-00CAE67EADC6}.Release|Any CPU.ActiveCfg = Release|Any CPU
		{F5CCB2E6-C723-4B61-B6CA-00CAE67EADC6}.Release|Any CPU.Build.0 = Release|Any CPU
		{C8EE500C-E8A6-43EE-9FE5-10D1DB596A8D}.Debug|Any CPU.ActiveCfg = Debug|Any CPU
		{C8EE500C-E8A6-43EE-9FE5-10D1DB596A8D}.Debug|Any CPU.Build.0 = Debug|Any CPU
		{C8EE500C-E8A6-43EE-9FE5-10D1DB596A8D}.Release|Any CPU.ActiveCfg = Release|Any CPU
		{C8EE500C-E8A6-43EE-9FE5-10D1DB596A8D}.Release|Any CPU.Build.0 = Release|Any CPU
		{DAA28E6B-EDD4-4A06-B780-DDDD5EA42AD3}.Debug|Any CPU.ActiveCfg = Debug|Any CPU
		{DAA28E6B-EDD4-4A06-B780-DDDD5EA42AD3}.Debug|Any CPU.Build.0 = Debug|Any CPU
		{DAA28E6B-EDD4-4A06-B780-DDDD5EA42AD3}.Release|Any CPU.ActiveCfg = Release|Any CPU
		{DAA28E6B-EDD4-4A06-B780-DDDD5EA42AD3}.Release|Any CPU.Build.0 = Release|Any CPU
		{B738BF22-1A23-4F5A-88DF-1EA19AD33180}.Debug|Any CPU.ActiveCfg = Debug|Any CPU
		{B738BF22-1A23-4F5A-88DF-1EA19AD33180}.Debug|Any CPU.Build.0 = Debug|Any CPU
		{B738BF22-1A23-4F5A-88DF-1EA19AD33180}.Release|Any CPU.ActiveCfg = Release|Any CPU
		{B738BF22-1A23-4F5A-88DF-1EA19AD33180}.Release|Any CPU.Build.0 = Release|Any CPU
		{07C04354-37B2-4639-9597-7DE4A7978143}.Debug|Any CPU.ActiveCfg = Debug|Any CPU
		{07C04354-37B2-4639-9597-7DE4A7978143}.Debug|Any CPU.Build.0 = Debug|Any CPU
		{07C04354-37B2-4639-9597-7DE4A7978143}.Release|Any CPU.ActiveCfg = Release|Any CPU
		{07C04354-37B2-4639-9597-7DE4A7978143}.Release|Any CPU.Build.0 = Release|Any CPU
		{F6C84C52-8F79-4DD8-8BA0-5A8E57D79A03}.Debug|Any CPU.ActiveCfg = Debug|Any CPU
		{F6C84C52-8F79-4DD8-8BA0-5A8E57D79A03}.Debug|Any CPU.Build.0 = Debug|Any CPU
		{F6C84C52-8F79-4DD8-8BA0-5A8E57D79A03}.Release|Any CPU.ActiveCfg = Release|Any CPU
		{F6C84C52-8F79-4DD8-8BA0-5A8E57D79A03}.Release|Any CPU.Build.0 = Release|Any CPU
		{72E93DAD-515A-48A2-B158-9028B8C6C41E}.Debug|Any CPU.ActiveCfg = Debug|Any CPU
		{72E93DAD-515A-48A2-B158-9028B8C6C41E}.Debug|Any CPU.Build.0 = Debug|Any CPU
		{72E93DAD-515A-48A2-B158-9028B8C6C41E}.Release|Any CPU.ActiveCfg = Release|Any CPU
		{72E93DAD-515A-48A2-B158-9028B8C6C41E}.Release|Any CPU.Build.0 = Release|Any CPU
		{EAC902C0-F5D1-4667-B7FD-CD88332CA7EC}.Debug|Any CPU.ActiveCfg = Debug|Any CPU
		{EAC902C0-F5D1-4667-B7FD-CD88332CA7EC}.Debug|Any CPU.Build.0 = Debug|Any CPU
		{EAC902C0-F5D1-4667-B7FD-CD88332CA7EC}.Release|Any CPU.ActiveCfg = Release|Any CPU
		{EAC902C0-F5D1-4667-B7FD-CD88332CA7EC}.Release|Any CPU.Build.0 = Release|Any CPU
	EndGlobalSection
	GlobalSection(SolutionProperties) = preSolution
		HideSolutionNode = FALSE
	EndGlobalSection
	GlobalSection(ExtensibilityGlobals) = postSolution
		SolutionGuid = {2F039028-D73B-42C6-AA53-FEF857EE3510}
	EndGlobalSection
EndGlobal
